// !$*UTF8*$!
{
	archiveVersion = 1;
	classes = {
	};
	objectVersion = 77;
	objects = {

/* Begin PBXBuildFile section */
		0A4A3F5A2C11411B93C19FD1 /* MarkdownEngineTests.swift in Sources */ = {isa = PBXBuildFile; fileRef = 4D4C48D18A104999A1C6B620 /* MarkdownEngineTests.swift */; };
		1E4950C2C1D64FBAAA7D35A4 /* MarkLensUITests.swift in Sources */ = {isa = PBXBuildFile; fileRef = 1D4D389EBB6A410A974F6A62 /* MarkLensUITests.swift */; };
		21C976866C54445988A434AB /* AppStateTreeTests.swift in Sources */ = {isa = PBXBuildFile; fileRef = 75A292B2CCAB4355B1F85CD2 /* AppStateTreeTests.swift */; };
		3CF1B52861434DDA8D45EC16 /* AppStateFileOperationsTests.swift in Sources */ = {isa = PBXBuildFile; fileRef = 8C1CA348E29E412A890E8C56 /* AppStateFileOperationsTests.swift */; };
		6F097C92752F4C42B787D04A /* BlocksManagerTests.swift in Sources */ = {isa = PBXBuildFile; fileRef = CA88A6B174734F0DB2D3C85E /* BlocksManagerTests.swift */; };
		AA000A022F72D7B1004D4F68 /* MarkdownParserTests.swift in Sources */ = {isa = PBXBuildFile; fileRef = AA000A012F72D7B1004D4F68 /* MarkdownParserTests.swift */; };
		B6FE30B56F514D20BD26AE3F /* AppStateSearchReplaceTests.swift in Sources */ = {isa = PBXBuildFile; fileRef = D1A57DB1822044E680DFF976 /* AppStateSearchReplaceTests.swift */; };
		D18C4FBAA24B4BF8939B2A01 /* Markdown in Frameworks */ = {isa = PBXBuildFile; productRef = D18C4FBC7D5644A1B574AB70 /* Markdown */; };
		E1003D97C0E74255B7EF11C4 /* MCP in Frameworks */ = {isa = PBXBuildFile; productRef = FF3CE811565744E5B386B5AD /* MCP */; };
/* End PBXBuildFile section */

/* Begin PBXContainerItemProxy section */
		AA000A082F72D7B1004D4F68 /* PBXContainerItemProxy */ = {
			isa = PBXContainerItemProxy;
			containerPortal = 19FCBF802F72D7B1004D4F68 /* Project object */;
			proxyType = 1;
			remoteGlobalIDString = 19FCBF872F72D7B1004D4F68;
			remoteInfo = MarkLens;
		};
		EA1D1A4A485748808B3160A0 /* PBXContainerItemProxy */ = {
			isa = PBXContainerItemProxy;
			containerPortal = 19FCBF802F72D7B1004D4F68 /* Project object */;
			proxyType = 1;
			remoteGlobalIDString = 19FCBF872F72D7B1004D4F68;
			remoteInfo = MarkLens;
		};
/* End PBXContainerItemProxy section */

/* Begin PBXFileReference section */
		1D4D389EBB6A410A974F6A62 /* MarkLensUITests.swift */ = {isa = PBXFileReference; lastKnownFileType = sourcecode.swift; path = MarkLensUITests.swift; sourceTree = "<group>"; };
		19FCBF882F72D7B1004D4F68 /* MarkLens.app */ = {isa = PBXFileReference; explicitFileType = wrapper.application; includeInIndex = 0; path = MarkLens.app; sourceTree = BUILT_PRODUCTS_DIR; };
		4D4C48D18A104999A1C6B620 /* MarkdownEngineTests.swift */ = {isa = PBXFileReference; lastKnownFileType = sourcecode.swift; path = MarkdownEngineTests.swift; sourceTree = "<group>"; };
		75A292B2CCAB4355B1F85CD2 /* AppStateTreeTests.swift */ = {isa = PBXFileReference; lastKnownFileType = sourcecode.swift; path = AppStateTreeTests.swift; sourceTree = "<group>"; };
		8C1CA348E29E412A890E8C56 /* AppStateFileOperationsTests.swift */ = {isa = PBXFileReference; lastKnownFileType = sourcecode.swift; path = AppStateFileOperationsTests.swift; sourceTree = "<group>"; };
		AA000A002F72D7B1004D4F68 /* MarkLensTests.xctest */ = {isa = PBXFileReference; explicitFileType = wrapper.cfbundle; includeInIndex = 0; path = MarkLensTests.xctest; sourceTree = BUILT_PRODUCTS_DIR; };
		AA000A012F72D7B1004D4F68 /* MarkdownParserTests.swift */ = {isa = PBXFileReference; lastKnownFileType = sourcecode.swift; path = MarkdownParserTests.swift; sourceTree = "<group>"; };
		CA88A6B174734F0DB2D3C85E /* BlocksManagerTests.swift */ = {isa = PBXFileReference; lastKnownFileType = sourcecode.swift; path = BlocksManagerTests.swift; sourceTree = "<group>"; };
		D1A57DB1822044E680DFF976 /* AppStateSearchReplaceTests.swift */ = {isa = PBXFileReference; lastKnownFileType = sourcecode.swift; path = AppStateSearchReplaceTests.swift; sourceTree = "<group>"; };
		E84F6B0DAAE940EEAEC5F3F9 /* MarkLensUITests.xctest */ = {isa = PBXFileReference; explicitFileType = wrapper.cfbundle; includeInIndex = 0; path = MarkLensUITests.xctest; sourceTree = BUILT_PRODUCTS_DIR; };
/* End PBXFileReference section */

/* Begin PBXFileSystemSynchronizedBuildFileExceptionSet section */
		E1A7D220C5F64C42923F7BE1 /* PBXFileSystemSynchronizedBuildFileExceptionSet */ = {
			isa = PBXFileSystemSynchronizedBuildFileExceptionSet;
			membershipExceptions = (
				Info.plist,
			);
			target = 19FCBF872F72D7B1004D4F68 /* MarkLens */;
		};
/* End PBXFileSystemSynchronizedBuildFileExceptionSet section */

/* Begin PBXFileSystemSynchronizedRootGroup section */
		19FCBF8A2F72D7B2004D4F68 /* MarkLens */ = {
			isa = PBXFileSystemSynchronizedRootGroup;
			exceptions = (
				E1A7D220C5F64C42923F7BE1 /* PBXFileSystemSynchronizedBuildFileExceptionSet */,
			);
			path = MarkLens;
			sourceTree = "<group>";
		};
/* End PBXFileSystemSynchronizedRootGroup section */

/* Begin PBXFrameworksBuildPhase section */
		19FCBF852F72D7B1004D4F68 /* Frameworks */ = {
			isa = PBXFrameworksBuildPhase;
			buildActionMask = 2147483647;
			files = (
				D18C4FBAA24B4BF8939B2A01 /* Markdown in Frameworks */,
				E1003D97C0E74255B7EF11C4 /* MCP in Frameworks */,
			);
			runOnlyForDeploymentPostprocessing = 0;
		};
		AA000A052F72D7B1004D4F68 /* Frameworks */ = {
			isa = PBXFrameworksBuildPhase;
			buildActionMask = 2147483647;
			files = (
			);
			runOnlyForDeploymentPostprocessing = 0;
		};
		EA36A2CF539548F194B3A57C /* Frameworks */ = {
			isa = PBXFrameworksBuildPhase;
			buildActionMask = 2147483647;
			files = (
			);
			runOnlyForDeploymentPostprocessing = 0;
		};
/* End PBXFrameworksBuildPhase section */

/* Begin PBXGroup section */
		19FCBF7F2F72D7B1004D4F68 = {
			isa = PBXGroup;
			children = (
				19FCBF8A2F72D7B2004D4F68 /* MarkLens */,
				AA000A032F72D7B1004D4F68 /* MarkLensTests */,
				E1BF0F9EFF274B0E82248F72 /* MarkLensUITests */,
				19FCBF892F72D7B2004D4F68 /* Products */,
			);
			sourceTree = "<group>";
		};
		19FCBF892F72D7B2004D4F68 /* Products */ = {
			isa = PBXGroup;
			children = (
				19FCBF882F72D7B1004D4F68 /* MarkLens.app */,
				AA000A002F72D7B1004D4F68 /* MarkLensTests.xctest */,
				E84F6B0DAAE940EEAEC5F3F9 /* MarkLensUITests.xctest */,
			);
			name = Products;
			sourceTree = "<group>";
		};
		AA000A032F72D7B1004D4F68 /* MarkLensTests */ = {
			isa = PBXGroup;
			children = (
				4D4C48D18A104999A1C6B620 /* MarkdownEngineTests.swift */,
				D1A57DB1822044E680DFF976 /* AppStateSearchReplaceTests.swift */,
				8C1CA348E29E412A890E8C56 /* AppStateFileOperationsTests.swift */,
				75A292B2CCAB4355B1F85CD2 /* AppStateTreeTests.swift */,
				CA88A6B174734F0DB2D3C85E /* BlocksManagerTests.swift */,
				AA000A012F72D7B1004D4F68 /* MarkdownParserTests.swift */,
			);
			path = MarkLensTests;
			sourceTree = "<group>";
		};
		E1BF0F9EFF274B0E82248F72 /* MarkLensUITests */ = {
			isa = PBXGroup;
			children = (
				1D4D389EBB6A410A974F6A62 /* MarkLensUITests.swift */,
			);
			path = MarkLensUITests;
			sourceTree = "<group>";
		};
/* End PBXGroup section */

/* Begin PBXNativeTarget section */
		19FCBF872F72D7B1004D4F68 /* MarkLens */ = {
			isa = PBXNativeTarget;
			buildConfigurationList = 19FCBF932F72D7B4004D4F68 /* Build configuration list for PBXNativeTarget "MarkLens" */;
			buildPhases = (
				19FCBF842F72D7B1004D4F68 /* Sources */,
				19FCBF852F72D7B1004D4F68 /* Frameworks */,
				19FCBF862F72D7B1004D4F68 /* Resources */,
			);
			buildRules = (
			);
			dependencies = (
			);
			fileSystemSynchronizedGroups = (
				19FCBF8A2F72D7B2004D4F68 /* MarkLens */,
			);
			name = MarkLens;
			packageProductDependencies = (
				D18C4FBC7D5644A1B574AB70 /* Markdown */,
				FF3CE811565744E5B386B5AD /* MCP */,
			);
			productName = MarkLens;
			productReference = 19FCBF882F72D7B1004D4F68 /* MarkLens.app */;
			productType = "com.apple.product-type.application";
		};
		AA000A072F72D7B1004D4F68 /* MarkLensTests */ = {
			isa = PBXNativeTarget;
			buildConfigurationList = AA000A0C2F72D7B1004D4F68 /* Build configuration list for PBXNativeTarget "MarkLensTests" */;
			buildPhases = (
				AA000A042F72D7B1004D4F68 /* Sources */,
				AA000A052F72D7B1004D4F68 /* Frameworks */,
				AA000A062F72D7B1004D4F68 /* Resources */,
			);
			buildRules = (
			);
			dependencies = (
				AA000A092F72D7B1004D4F68 /* PBXTargetDependency */,
			);
			name = MarkLensTests;
			packageProductDependencies = (
			);
			productName = MarkLensTests;
			productReference = AA000A002F72D7B1004D4F68 /* MarkLensTests.xctest */;
			productType = "com.apple.product-type.bundle.unit-test";
		};
		EA61513BB1D04991A4A347E8 /* MarkLensUITests */ = {
			isa = PBXNativeTarget;
			buildConfigurationList = EA86C67A3D0E4E1DBEF1FE6F /* Build configuration list for PBXNativeTarget "MarkLensUITests" */;
			buildPhases = (
				EA5FE6217BAE4F07B438B900 /* Sources */,
				EA36A2CF539548F194B3A57C /* Frameworks */,
				EA4D7A1D04B647A8A7FD3481 /* Resources */,
			);
			buildRules = (
			);
			dependencies = (
				EA03A518D0C3408BA0572E36 /* PBXTargetDependency */,
			);
			name = MarkLensUITests;
			packageProductDependencies = (
			);
			productName = MarkLensUITests;
			productReference = E84F6B0DAAE940EEAEC5F3F9 /* MarkLensUITests.xctest */;
			productType = "com.apple.product-type.bundle.ui-testing";
		};
/* End PBXNativeTarget section */

/* Begin PBXProject section */
		19FCBF802F72D7B1004D4F68 /* Project object */ = {
			isa = PBXProject;
			attributes = {
				BuildIndependentTargetsInParallel = 1;
				LastSwiftUpdateCheck = 2630;
				LastUpgradeCheck = 2630;
				TargetAttributes = {
					19FCBF872F72D7B1004D4F68 = {
						CreatedOnToolsVersion = 26.3;
					};
					AA000A072F72D7B1004D4F68 = {
						CreatedOnToolsVersion = 26.3;
						TestTargetID = 19FCBF872F72D7B1004D4F68;
					};
					EA61513BB1D04991A4A347E8 = {
						CreatedOnToolsVersion = 26.3;
						TestTargetID = 19FCBF872F72D7B1004D4F68;
					};
				};
			};
			buildConfigurationList = 19FCBF832F72D7B1004D4F68 /* Build configuration list for PBXProject "MarkLens" */;
			developmentRegion = en;
			hasScannedForEncodings = 0;
			knownRegions = (
				en,
				Base,
			);
			mainGroup = 19FCBF7F2F72D7B1004D4F68;
			minimizedProjectReferenceProxies = 1;
			packageReferences = (
				D18C4FBBB61D4167B3A12AA0 /* XCRemoteSwiftPackageReference "swift-markdown" */,
				195FEDA72F7DBE2F00DA02CA /* XCRemoteSwiftPackageReference "swift-sdk" */,
			);
			preferredProjectObjectVersion = 77;
			productRefGroup = 19FCBF892F72D7B2004D4F68 /* Products */;
			projectDirPath = "";
			projectRoot = "";
			targets = (
				19FCBF872F72D7B1004D4F68 /* MarkLens */,
				AA000A072F72D7B1004D4F68 /* MarkLensTests */,
				EA61513BB1D04991A4A347E8 /* MarkLensUITests */,
			);
		};
/* End PBXProject section */

/* Begin PBXResourcesBuildPhase section */
		19FCBF862F72D7B1004D4F68 /* Resources */ = {
			isa = PBXResourcesBuildPhase;
			buildActionMask = 2147483647;
			files = (
			);
			runOnlyForDeploymentPostprocessing = 0;
		};
		AA000A062F72D7B1004D4F68 /* Resources */ = {
			isa = PBXResourcesBuildPhase;
			buildActionMask = 2147483647;
			files = (
			);
			runOnlyForDeploymentPostprocessing = 0;
		};
		EA4D7A1D04B647A8A7FD3481 /* Resources */ = {
			isa = PBXResourcesBuildPhase;
			buildActionMask = 2147483647;
			files = (
			);
			runOnlyForDeploymentPostprocessing = 0;
		};
/* End PBXResourcesBuildPhase section */

/* Begin PBXSourcesBuildPhase section */
		19FCBF842F72D7B1004D4F68 /* Sources */ = {
			isa = PBXSourcesBuildPhase;
			buildActionMask = 2147483647;
			files = (
			);
			runOnlyForDeploymentPostprocessing = 0;
		};
		AA000A042F72D7B1004D4F68 /* Sources */ = {
			isa = PBXSourcesBuildPhase;
			buildActionMask = 2147483647;
			files = (
				21C976866C54445988A434AB /* AppStateTreeTests.swift in Sources */,
				6F097C92752F4C42B787D04A /* BlocksManagerTests.swift in Sources */,
				3CF1B52861434DDA8D45EC16 /* AppStateFileOperationsTests.swift in Sources */,
				B6FE30B56F514D20BD26AE3F /* AppStateSearchReplaceTests.swift in Sources */,
				0A4A3F5A2C11411B93C19FD1 /* MarkdownEngineTests.swift in Sources */,
				AA000A022F72D7B1004D4F68 /* MarkdownParserTests.swift in Sources */,
			);
			runOnlyForDeploymentPostprocessing = 0;
		};
		EA5FE6217BAE4F07B438B900 /* Sources */ = {
			isa = PBXSourcesBuildPhase;
			buildActionMask = 2147483647;
			files = (
				1E4950C2C1D64FBAAA7D35A4 /* MarkLensUITests.swift in Sources */,
			);
			runOnlyForDeploymentPostprocessing = 0;
		};
/* End PBXSourcesBuildPhase section */

/* Begin PBXTargetDependency section */
		AA000A092F72D7B1004D4F68 /* PBXTargetDependency */ = {
			isa = PBXTargetDependency;
			target = 19FCBF872F72D7B1004D4F68 /* MarkLens */;
			targetProxy = AA000A082F72D7B1004D4F68 /* PBXContainerItemProxy */;
		};
		EA03A518D0C3408BA0572E36 /* PBXTargetDependency */ = {
			isa = PBXTargetDependency;
			target = 19FCBF872F72D7B1004D4F68 /* MarkLens */;
			targetProxy = EA1D1A4A485748808B3160A0 /* PBXContainerItemProxy */;
		};
/* End PBXTargetDependency section */

/* Begin XCBuildConfiguration section */
		19FCBF912F72D7B4004D4F68 /* Debug */ = {
			isa = XCBuildConfiguration;
			buildSettings = {
				ALWAYS_SEARCH_USER_PATHS = NO;
				ASSETCATALOG_COMPILER_GENERATE_SWIFT_ASSET_SYMBOL_EXTENSIONS = YES;
				CLANG_ANALYZER_NONNULL = YES;
				CLANG_ANALYZER_NUMBER_OBJECT_CONVERSION = YES_AGGRESSIVE;
				CLANG_CXX_LANGUAGE_STANDARD = "gnu++20";
				CLANG_ENABLE_MODULES = YES;
				CLANG_ENABLE_OBJC_ARC = YES;
				CLANG_ENABLE_OBJC_WEAK = YES;
				CLANG_WARN_BLOCK_CAPTURE_AUTORELEASING = YES;
				CLANG_WARN_BOOL_CONVERSION = YES;
				CLANG_WARN_COMMA = YES;
				CLANG_WARN_CONSTANT_CONVERSION = YES;
				CLANG_WARN_DEPRECATED_OBJC_IMPLEMENTATIONS = YES;
				CLANG_WARN_DIRECT_OBJC_ISA_USAGE = YES_ERROR;
				CLANG_WARN_DOCUMENTATION_COMMENTS = YES;
				CLANG_WARN_EMPTY_BODY = YES;
				CLANG_WARN_ENUM_CONVERSION = YES;
				CLANG_WARN_INFINITE_RECURSION = YES;
				CLANG_WARN_INT_CONVERSION = YES;
				CLANG_WARN_NON_LITERAL_NULL_CONVERSION = YES;
				CLANG_WARN_OBJC_IMPLICIT_RETAIN_SELF = YES;
				CLANG_WARN_OBJC_LITERAL_CONVERSION = YES;
				CLANG_WARN_OBJC_ROOT_CLASS = YES_ERROR;
				CLANG_WARN_QUOTED_INCLUDE_IN_FRAMEWORK_HEADER = YES;
				CLANG_WARN_RANGE_LOOP_ANALYSIS = YES;
				CLANG_WARN_STRICT_PROTOTYPES = YES;
				CLANG_WARN_SUSPICIOUS_MOVE = YES;
				CLANG_WARN_UNGUARDED_AVAILABILITY = YES_AGGRESSIVE;
				CLANG_WARN_UNREACHABLE_CODE = YES;
				CLANG_WARN__DUPLICATE_METHOD_MATCH = YES;
				COPY_PHASE_STRIP = NO;
				DEBUG_INFORMATION_FORMAT = dwarf;
				ENABLE_STRICT_OBJC_MSGSEND = YES;
				ENABLE_TESTABILITY = YES;
				ENABLE_USER_SCRIPT_SANDBOXING = YES;
				GCC_C_LANGUAGE_STANDARD = gnu17;
				GCC_DYNAMIC_NO_PIC = NO;
				GCC_NO_COMMON_BLOCKS = YES;
				GCC_OPTIMIZATION_LEVEL = 0;
				GCC_PREPROCESSOR_DEFINITIONS = (
					"DEBUG=1",
					"$(inherited)",
				);
				GCC_WARN_64_TO_32_BIT_CONVERSION = YES;
				GCC_WARN_ABOUT_RETURN_TYPE = YES_ERROR;
				GCC_WARN_UNDECLARED_SELECTOR = YES;
				GCC_WARN_UNINITIALIZED_AUTOS = YES_AGGRESSIVE;
				GCC_WARN_UNUSED_FUNCTION = YES;
				GCC_WARN_UNUSED_VARIABLE = YES;
				LOCALIZATION_PREFERS_STRING_CATALOGS = YES;
				MACOSX_DEPLOYMENT_TARGET = 15.0;
				MTL_ENABLE_DEBUG_INFO = INCLUDE_SOURCE;
				MTL_FAST_MATH = YES;
				ONLY_ACTIVE_ARCH = YES;
				SDKROOT = macosx;
				SWIFT_ACTIVE_COMPILATION_CONDITIONS = "DEBUG $(inherited)";
				SWIFT_OPTIMIZATION_LEVEL = "-Onone";
			};
			name = Debug;
		};
		19FCBF922F72D7B4004D4F68 /* Release */ = {
			isa = XCBuildConfiguration;
			buildSettings = {
				ALWAYS_SEARCH_USER_PATHS = NO;
				ASSETCATALOG_COMPILER_GENERATE_SWIFT_ASSET_SYMBOL_EXTENSIONS = YES;
				CLANG_ANALYZER_NONNULL = YES;
				CLANG_ANALYZER_NUMBER_OBJECT_CONVERSION = YES_AGGRESSIVE;
				CLANG_CXX_LANGUAGE_STANDARD = "gnu++20";
				CLANG_ENABLE_MODULES = YES;
				CLANG_ENABLE_OBJC_ARC = YES;
				CLANG_ENABLE_OBJC_WEAK = YES;
				CLANG_WARN_BLOCK_CAPTURE_AUTORELEASING = YES;
				CLANG_WARN_BOOL_CONVERSION = YES;
				CLANG_WARN_COMMA = YES;
				CLANG_WARN_CONSTANT_CONVERSION = YES;
				CLANG_WARN_DEPRECATED_OBJC_IMPLEMENTATIONS = YES;
				CLANG_WARN_DIRECT_OBJC_ISA_USAGE = YES_ERROR;
				CLANG_WARN_DOCUMENTATION_COMMENTS = YES;
				CLANG_WARN_EMPTY_BODY = YES;
				CLANG_WARN_ENUM_CONVERSION = YES;
				CLANG_WARN_INFINITE_RECURSION = YES;
				CLANG_WARN_INT_CONVERSION = YES;
				CLANG_WARN_NON_LITERAL_NULL_CONVERSION = YES;
				CLANG_WARN_OBJC_IMPLICIT_RETAIN_SELF = YES;
				CLANG_WARN_OBJC_LITERAL_CONVERSION = YES;
				CLANG_WARN_OBJC_ROOT_CLASS = YES_ERROR;
				CLANG_WARN_QUOTED_INCLUDE_IN_FRAMEWORK_HEADER = YES;
				CLANG_WARN_RANGE_LOOP_ANALYSIS = YES;
				CLANG_WARN_STRICT_PROTOTYPES = YES;
				CLANG_WARN_SUSPICIOUS_MOVE = YES;
				CLANG_WARN_UNGUARDED_AVAILABILITY = YES_AGGRESSIVE;
				CLANG_WARN_UNREACHABLE_CODE = YES;
				CLANG_WARN__DUPLICATE_METHOD_MATCH = YES;
				COPY_PHASE_STRIP = NO;
				DEBUG_INFORMATION_FORMAT = "dwarf-with-dsym";
				ENABLE_NS_ASSERTIONS = NO;
				ENABLE_STRICT_OBJC_MSGSEND = YES;
				ENABLE_USER_SCRIPT_SANDBOXING = YES;
				GCC_C_LANGUAGE_STANDARD = gnu17;
				GCC_NO_COMMON_BLOCKS = YES;
				GCC_WARN_64_TO_32_BIT_CONVERSION = YES;
				GCC_WARN_ABOUT_RETURN_TYPE = YES_ERROR;
				GCC_WARN_UNDECLARED_SELECTOR = YES;
				GCC_WARN_UNINITIALIZED_AUTOS = YES_AGGRESSIVE;
				GCC_WARN_UNUSED_FUNCTION = YES;
				GCC_WARN_UNUSED_VARIABLE = YES;
				LOCALIZATION_PREFERS_STRING_CATALOGS = YES;
				MACOSX_DEPLOYMENT_TARGET = 15.0;
				MTL_ENABLE_DEBUG_INFO = NO;
				MTL_FAST_MATH = YES;
				SDKROOT = macosx;
				SWIFT_COMPILATION_MODE = wholemodule;
			};
			name = Release;
		};
		19FCBF942F72D7B4004D4F68 /* Debug */ = {
			isa = XCBuildConfiguration;
			buildSettings = {
				ASSETCATALOG_COMPILER_APPICON_NAME = AppIcon;
				ASSETCATALOG_COMPILER_GLOBAL_ACCENT_COLOR_NAME = AccentColor;
				CODE_SIGN_ENTITLEMENTS = MarkLens/MarkLens.entitlements;
				CODE_SIGN_STYLE = Automatic;
				COMBINE_HIDPI_IMAGES = YES;
				CURRENT_PROJECT_VERSION = 1;
				ENABLE_APP_SANDBOX = YES;
				ENABLE_PREVIEWS = YES;
				ENABLE_USER_SELECTED_FILES = readwrite;
				GENERATE_INFOPLIST_FILE = NO;
				INFOPLIST_FILE = MarkLens/Info.plist;
				INFOPLIST_KEY_NSHumanReadableCopyright = "";
				LD_RUNPATH_SEARCH_PATHS = (
					"$(inherited)",
					"@executable_path/../Frameworks",
				);
				MARKETING_VERSION = 1.1;
				PRODUCT_BUNDLE_IDENTIFIER = io.zvh.marklens;
				PRODUCT_NAME = "$(TARGET_NAME)";
				REGISTER_APP_GROUPS = YES;
				STRING_CATALOG_GENERATE_SYMBOLS = YES;
				SWIFT_APPROACHABLE_CONCURRENCY = YES;
				SWIFT_DEFAULT_ACTOR_ISOLATION = MainActor;
				SWIFT_EMIT_LOC_STRINGS = YES;
				SWIFT_UPCOMING_FEATURE_MEMBER_IMPORT_VISIBILITY = YES;
				SWIFT_VERSION = 6.0;
			};
			name = Debug;
		};
		19FCBF952F72D7B4004D4F68 /* Release */ = {
			isa = XCBuildConfiguration;
			buildSettings = {
				ASSETCATALOG_COMPILER_APPICON_NAME = AppIcon;
				ASSETCATALOG_COMPILER_GLOBAL_ACCENT_COLOR_NAME = AccentColor;
				CODE_SIGN_ENTITLEMENTS = MarkLens/MarkLens.entitlements;
				CODE_SIGN_STYLE = Automatic;
				COMBINE_HIDPI_IMAGES = YES;
				CURRENT_PROJECT_VERSION = 1;
				ENABLE_APP_SANDBOX = YES;
				ENABLE_PREVIEWS = YES;
				ENABLE_USER_SELECTED_FILES = readwrite;
				GENERATE_INFOPLIST_FILE = NO;
				INFOPLIST_FILE = MarkLens/Info.plist;
				INFOPLIST_KEY_NSHumanReadableCopyright = "";
				LD_RUNPATH_SEARCH_PATHS = (
					"$(inherited)",
					"@executable_path/../Frameworks",
				);
				MARKETING_VERSION = 1.1;
				PRODUCT_BUNDLE_IDENTIFIER = io.zvh.marklens;
				PRODUCT_NAME = "$(TARGET_NAME)";
				REGISTER_APP_GROUPS = YES;
				STRING_CATALOG_GENERATE_SYMBOLS = YES;
				SWIFT_APPROACHABLE_CONCURRENCY = YES;
				SWIFT_DEFAULT_ACTOR_ISOLATION = MainActor;
				SWIFT_EMIT_LOC_STRINGS = YES;
				SWIFT_UPCOMING_FEATURE_MEMBER_IMPORT_VISIBILITY = YES;
				SWIFT_VERSION = 6.0;
			};
			name = Release;
		};
		AA000A0A2F72D7B1004D4F68 /* Debug */ = {
			isa = XCBuildConfiguration;
			buildSettings = {
				BUNDLE_LOADER = "$(TEST_HOST)";
				CODE_SIGN_STYLE = Automatic;
				CURRENT_PROJECT_VERSION = 1;
				GENERATE_INFOPLIST_FILE = YES;
				LD_RUNPATH_SEARCH_PATHS = (
					"$(inherited)",
					"@executable_path/../Frameworks",
					"@loader_path/../Frameworks",
				);
				MACOSX_DEPLOYMENT_TARGET = 15.0;
				MARKETING_VERSION = 1.0;
				PRODUCT_BUNDLE_IDENTIFIER = io.zvh.marklens.tests;
				PRODUCT_NAME = "$(TARGET_NAME)";
				SDKROOT = macosx;
				SWIFT_APPROACHABLE_CONCURRENCY = YES;
				SWIFT_VERSION = 6.0;
				TEST_HOST = "$(BUILT_PRODUCTS_DIR)/MarkLens.app/Contents/MacOS/MarkLens";
			};
			name = Debug;
		};
		AA000A0B2F72D7B1004D4F68 /* Release */ = {
			isa = XCBuildConfiguration;
			buildSettings = {
				BUNDLE_LOADER = "$(TEST_HOST)";
				CODE_SIGN_STYLE = Automatic;
				CURRENT_PROJECT_VERSION = 1;
				GENERATE_INFOPLIST_FILE = YES;
				LD_RUNPATH_SEARCH_PATHS = (
					"$(inherited)",
					"@executable_path/../Frameworks",
					"@loader_path/../Frameworks",
				);
				MACOSX_DEPLOYMENT_TARGET = 15.0;
				MARKETING_VERSION = 1.0;
				PRODUCT_BUNDLE_IDENTIFIER = io.zvh.marklens.tests;
				PRODUCT_NAME = "$(TARGET_NAME)";
				SDKROOT = macosx;
				SWIFT_APPROACHABLE_CONCURRENCY = YES;
				SWIFT_VERSION = 6.0;
				TEST_HOST = "$(BUILT_PRODUCTS_DIR)/MarkLens.app/Contents/MacOS/MarkLens";
			};
			name = Release;
		};
		EA47641AA8D84FE29F3DFBA0 /* Debug */ = {
			isa = XCBuildConfiguration;
			buildSettings = {
				CODE_SIGN_STYLE = Automatic;
				CURRENT_PROJECT_VERSION = 1;
				GENERATE_INFOPLIST_FILE = YES;
				LD_RUNPATH_SEARCH_PATHS = (
					"$(inherited)",
					"@executable_path/../Frameworks",
					"@loader_path/../Frameworks",
				);
				MACOSX_DEPLOYMENT_TARGET = 15.0;
				MARKETING_VERSION = 1.0;
				PRODUCT_BUNDLE_IDENTIFIER = io.zvh.marklens.uitests;
				PRODUCT_NAME = "$(TARGET_NAME)";
				SDKROOT = macosx;
				SWIFT_APPROACHABLE_CONCURRENCY = YES;
				SWIFT_VERSION = 6.0;
				TEST_TARGET_NAME = MarkLens;
			};
			name = Debug;
		};
		EA72668664C84FB0BEA7EFA0 /* Release */ = {
			isa = XCBuildConfiguration;
			buildSettings = {
				CODE_SIGN_STYLE = Automatic;
				CURRENT_PROJECT_VERSION = 1;
				GENERATE_INFOPLIST_FILE = YES;
				LD_RUNPATH_SEARCH_PATHS = (
					"$(inherited)",
					"@executable_path/../Frameworks",
					"@loader_path/../Frameworks",
				);
				MACOSX_DEPLOYMENT_TARGET = 15.0;
				MARKETING_VERSION = 1.0;
				PRODUCT_BUNDLE_IDENTIFIER = io.zvh.marklens.uitests;
				PRODUCT_NAME = "$(TARGET_NAME)";
				SDKROOT = macosx;
				SWIFT_APPROACHABLE_CONCURRENCY = YES;
				SWIFT_VERSION = 6.0;
				TEST_TARGET_NAME = MarkLens;
			};
			name = Release;
		};
/* End XCBuildConfiguration section */

/* Begin XCConfigurationList section */
		19FCBF832F72D7B1004D4F68 /* Build configuration list for PBXProject "MarkLens" */ = {
			isa = XCConfigurationList;
			buildConfigurations = (
				19FCBF912F72D7B4004D4F68 /* Debug */,
				19FCBF922F72D7B4004D4F68 /* Release */,
			);
			defaultConfigurationIsVisible = 0;
			defaultConfigurationName = Release;
		};
		19FCBF932F72D7B4004D4F68 /* Build configuration list for PBXNativeTarget "MarkLens" */ = {
			isa = XCConfigurationList;
			buildConfigurations = (
				19FCBF942F72D7B4004D4F68 /* Debug */,
				19FCBF952F72D7B4004D4F68 /* Release */,
			);
			defaultConfigurationIsVisible = 0;
			defaultConfigurationName = Release;
		};
		AA000A0C2F72D7B1004D4F68 /* Build configuration list for PBXNativeTarget "MarkLensTests" */ = {
			isa = XCConfigurationList;
			buildConfigurations = (
				AA000A0A2F72D7B1004D4F68 /* Debug */,
				AA000A0B2F72D7B1004D4F68 /* Release */,
			);
			defaultConfigurationIsVisible = 0;
			defaultConfigurationName = Release;
		};
		EA86C67A3D0E4E1DBEF1FE6F /* Build configuration list for PBXNativeTarget "MarkLensUITests" */ = {
			isa = XCConfigurationList;
			buildConfigurations = (
				EA47641AA8D84FE29F3DFBA0 /* Debug */,
				EA72668664C84FB0BEA7EFA0 /* Release */,
			);
			defaultConfigurationIsVisible = 0;
			defaultConfigurationName = Release;
		};
/* End XCConfigurationList section */

/* Begin XCRemoteSwiftPackageReference section */
		195FEDA72F7DBE2F00DA02CA /* XCRemoteSwiftPackageReference "swift-sdk" */ = {
			isa = XCRemoteSwiftPackageReference;
			repositoryURL = "https://github.com/modelcontextprotocol/swift-sdk";
			requirement = {
				kind = upToNextMajorVersion;
				minimumVersion = 0.12.0;
			};
		};
		D18C4FBBB61D4167B3A12AA0 /* XCRemoteSwiftPackageReference "swift-markdown" */ = {
			isa = XCRemoteSwiftPackageReference;
			repositoryURL = "https://github.com/apple/swift-markdown";
			requirement = {
				kind = upToNextMajorVersion;
				minimumVersion = 0.7.3;
			};
		};
/* End XCRemoteSwiftPackageReference section */

/* Begin XCSwiftPackageProductDependency section */
		D18C4FBC7D5644A1B574AB70 /* Markdown */ = {
			isa = XCSwiftPackageProductDependency;
			package = D18C4FBBB61D4167B3A12AA0 /* XCRemoteSwiftPackageReference "swift-markdown" */;
			productName = Markdown;
		};
		FF3CE811565744E5B386B5AD /* MCP */ = {
			isa = XCSwiftPackageProductDependency;
			package = 195FEDA72F7DBE2F00DA02CA /* XCRemoteSwiftPackageReference "swift-sdk" */;
			productName = MCP;
		};
/* End XCSwiftPackageProductDependency section */
	};
	rootObject = 19FCBF802F72D7B1004D4F68 /* Project object */;
}
